
Microsoft Visual Studio Solution File, Format Version 12.00
# Visual Studio Version 17
VisualStudioVersion = 17.3.32819.101
MinimumVisualStudioVersion = 10.0.40219.1
Project("{FAE04EC0-301F-11D3-BF4B-00C04F79EFBC}") = "ImageConv", "ImageConv\ImageConv.csproj", "{A2D3484E-25F3-4250-840E-43FBC2A295BF}"
EndProject
Global
	GlobalSection(SolutionConfigurationPlatforms) = preSolution
		Convert|Any CPU = Convert|Any CPU
		Convert|x64 = Convert|x64
		Debug|Any CPU = Debug|Any CPU
		Debug|x64 = Debug|x64
		Release|Any CPU = Release|Any CPU
		Release|x64 = Release|x64
	EndGlobalSection
	GlobalSection(ProjectConfigurationPlatforms) = postSolution
		{A2D3484E-25F3-4250-840E-43FBC2A295BF}.Convert|Any CPU.ActiveCfg = Converter|x64
		{A2D3484E-25F3-4250-840E-43FBC2A295BF}.Convert|Any CPU.Build.0 = Converter|x64
		{A2D3484E-25F3-4250-840E-43FBC2A295BF}.Convert|x64.ActiveCfg = Converter|x64
		{A2D3484E-25F3-4250-840E-43FBC2A295BF}.Convert|x64.Build.0 = Converter|x64
		{A2D3484E-25F3-4250-840E-43FBC2A295BF}.Debug|Any CPU.ActiveCfg = Debug|Any CPU
		{A2D3484E-25F3-4250-840E-43FBC2A295BF}.Debug|Any CPU.Build.0 = Debug|Any CPU
		{A2D3484E-25F3-4250-840E-43FBC2A295BF}.Debug|x64.ActiveCfg = Debug|x64
		{A2D3484E-25F3-4250-840E-43FBC2A295BF}.Debug|x64.Build.0 = Debug|x64
		{A2D3484E-25F3-4250-840E-43FBC2A295BF}.Release|Any CPU.ActiveCfg = Release|Any CPU
		{A2D3484E-25F3-4250-840E-43FBC2A295BF}.Release|Any CPU.Build.0 = Release|Any CPU
		{A2D3484E-25F3-4250-840E-43FBC2A295BF}.Release|x64.ActiveCfg = Release|x64
		{A2D3484E-25F3-4250-840E-43FBC2A295BF}.Release|x64.Build.0 = Release|x64
	EndGlobalSection
	GlobalSection(SolutionProperties) = preSolution
		HideSolutionNode = FALSE
	EndGlobalSection
	GlobalSection(ExtensibilityGlobals) = postSolution
		SolutionGuid = {5FF660F9-38A3-41BF-BEAF-B19F1FBFB0EB}
	EndGlobalSection
EndGlobal
